// !$*UTF8*$!
{
	archiveVersion = 1;
	classes = {
	};
	objectVersion = 51;
	objects = {

/* Begin PBXBuildFile section */
		1705F26FD65223E0828C065E /* Pods_BastaDealenTests.framework in Frameworks */ = {isa = PBXBuildFile; fileRef = 302A8F8ECC79216EA6CE4949 /* Pods_BastaDealenTests.framework */; };
		20150ADF23D5B74A001F7417 /* AppDelegate.swift in Sources */ = {isa = PBXBuildFile; fileRef = 20150ADE23D5B74A001F7417 /* AppDelegate.swift */; };
		20150AE123D5B74A001F7417 /* SceneDelegate.swift in Sources */ = {isa = PBXBuildFile; fileRef = 20150AE023D5B74A001F7417 /* SceneDelegate.swift */; };
		20150AE323D5B74A001F7417 /* ViewController.swift in Sources */ = {isa = PBXBuildFile; fileRef = 20150AE223D5B74A001F7417 /* ViewController.swift */; };
		20150AE623D5B74A001F7417 /* Main.storyboard in Resources */ = {isa = PBXBuildFile; fileRef = 20150AE423D5B74A001F7417 /* Main.storyboard */; };
		20150AE823D5B74C001F7417 /* Assets.xcassets in Resources */ = {isa = PBXBuildFile; fileRef = 20150AE723D5B74C001F7417 /* Assets.xcassets */; };
		20150AEB23D5B74C001F7417 /* LaunchScreen.storyboard in Resources */ = {isa = PBXBuildFile; fileRef = 20150AE923D5B74C001F7417 /* LaunchScreen.storyboard */; };
		20150AF623D5B74C001F7417 /* BastaDealenTests.swift in Sources */ = {isa = PBXBuildFile; fileRef = 20150AF523D5B74C001F7417 /* BastaDealenTests.swift */; };
		20150B0123D5B74C001F7417 /* BastaDealenUITests.swift in Sources */ = {isa = PBXBuildFile; fileRef = 20150B0023D5B74C001F7417 /* BastaDealenUITests.swift */; };
		201DEB1D23D72CEA002020E5 /* ViewControllerCamera.swift in Sources */ = {isa = PBXBuildFile; fileRef = 201DEB1C23D72CEA002020E5 /* ViewControllerCamera.swift */; };
		204A6A8323D5D997001D0B46 /* Post.swift in Sources */ = {isa = PBXBuildFile; fileRef = 204A6A8223D5D997001D0B46 /* Post.swift */; };
		206B0EF123EAD2CC00FA3611 /* GoogleService-Info.plist in Resources */ = {isa = PBXBuildFile; fileRef = 206B0EF023EAD2CC00FA3611 /* GoogleService-Info.plist */; };
		206B0F6D23EEBF1700FA3611 /* Location.swift in Sources */ = {isa = PBXBuildFile; fileRef = 206B0F6C23EEBF1700FA3611 /* Location.swift */; };
		207D7C3023D6EA7600A1C6D0 /* ViewControllerGallery.swift in Sources */ = {isa = PBXBuildFile; fileRef = 207D7C2F23D6EA7600A1C6D0 /* ViewControllerGallery.swift */; };
		207D7C3223D6F37200A1C6D0 /* GalleryCell.swift in Sources */ = {isa = PBXBuildFile; fileRef = 207D7C3123D6F37200A1C6D0 /* GalleryCell.swift */; };
		207D7C3423D71BBA00A1C6D0 /* ViewControllerLocation.swift in Sources */ = {isa = PBXBuildFile; fileRef = 207D7C3323D71BBA00A1C6D0 /* ViewControllerLocation.swift */; };
		65A74205F4A9F1A15EDCD546 /* Pods_BastaDealen_BastaDealenUITests.framework in Frameworks */ = {isa = PBXBuildFile; fileRef = B8039484C2A78610DDCBE2F0 /* Pods_BastaDealen_BastaDealenUITests.framework */; };
		67FEF9C608DADC4F37919AD2 /* Pods_BastaDealen.framework in Frameworks */ = {isa = PBXBuildFile; fileRef = 94F44BACB85DF8FAC929D1F8 /* Pods_BastaDealen.framework */; };
/* End PBXBuildFile section */

/* Begin PBXContainerItemProxy section */
		20150AF223D5B74C001F7417 /* PBXContainerItemProxy */ = {
			isa = PBXContainerItemProxy;
			containerPortal = 20150AD323D5B74A001F7417 /* Project object */;
			proxyType = 1;
			remoteGlobalIDString = 20150ADA23D5B74A001F7417;
			remoteInfo = BastaDealen;
		};
		20150AFD23D5B74C001F7417 /* PBXContainerItemProxy */ = {
			isa = PBXContainerItemProxy;
			containerPortal = 20150AD323D5B74A001F7417 /* Project object */;
			proxyType = 1;
			remoteGlobalIDString = 20150ADA23D5B74A001F7417;
			remoteInfo = BastaDealen;
		};
/* End PBXContainerItemProxy section */

/* Begin PBXFileReference section */
		20150ADB23D5B74A001F7417 /* BastaDealen.app */ = {isa = PBXFileReference; explicitFileType = wrapper.application; includeInIndex = 0; path = BastaDealen.app; sourceTree = BUILT_PRODUCTS_DIR; };
		20150ADE23D5B74A001F7417 /* AppDelegate.swift */ = {isa = PBXFileReference; lastKnownFileType = sourcecode.swift; path = AppDelegate.swift; sourceTree = "<group>"; };
		20150AE023D5B74A001F7417 /* SceneDelegate.swift */ = {isa = PBXFileReference; lastKnownFileType = sourcecode.swift; path = SceneDelegate.swift; sourceTree = "<group>"; };
		20150AE223D5B74A001F7417 /* ViewController.swift */ = {isa = PBXFileReference; lastKnownFileType = sourcecode.swift; path = ViewController.swift; sourceTree = "<group>"; };
		20150AE523D5B74A001F7417 /* Base */ = {isa = PBXFileReference; lastKnownFileType = file.storyboard; name = Base; path = Base.lproj/Main.storyboard; sourceTree = "<group>"; };
		20150AE723D5B74C001F7417 /* Assets.xcassets */ = {isa = PBXFileReference; lastKnownFileType = folder.assetcatalog; path = Assets.xcassets; sourceTree = "<group>"; };
		20150AEA23D5B74C001F7417 /* Base */ = {isa = PBXFileReference; lastKnownFileType = file.storyboard; name = Base; path = Base.lproj/LaunchScreen.storyboard; sourceTree = "<group>"; };
		20150AEC23D5B74C001F7417 /* Info.plist */ = {isa = PBXFileReference; lastKnownFileType = text.plist.xml; path = Info.plist; sourceTree = "<group>"; };
		20150AF123D5B74C001F7417 /* BastaDealenTests.xctest */ = {isa = PBXFileReference; explicitFileType = wrapper.cfbundle; includeInIndex = 0; path = BastaDealenTests.xctest; sourceTree = BUILT_PRODUCTS_DIR; };
		20150AF523D5B74C001F7417 /* BastaDealenTests.swift */ = {isa = PBXFileReference; lastKnownFileType = sourcecode.swift; path = BastaDealenTests.swift; sourceTree = "<group>"; };
		20150AF723D5B74C001F7417 /* Info.plist */ = {isa = PBXFileReference; lastKnownFileType = text.plist.xml; path = Info.plist; sourceTree = "<group>"; };
		20150AFC23D5B74C001F7417 /* BastaDealenUITests.xctest */ = {isa = PBXFileReference; explicitFileType = wrapper.cfbundle; includeInIndex = 0; path = BastaDealenUITests.xctest; sourceTree = BUILT_PRODUCTS_DIR; };
		20150B0023D5B74C001F7417 /* BastaDealenUITests.swift */ = {isa = PBXFileReference; lastKnownFileType = sourcecode.swift; path = BastaDealenUITests.swift; sourceTree = "<group>"; };
		20150B0223D5B74C001F7417 /* Info.plist */ = {isa = PBXFileReference; lastKnownFileType = text.plist.xml; path = Info.plist; sourceTree = "<group>"; };
		201DEB1C23D72CEA002020E5 /* ViewControllerCamera.swift */ = {isa = PBXFileReference; lastKnownFileType = sourcecode.swift; path = ViewControllerCamera.swift; sourceTree = "<group>"; };
		204A6A8223D5D997001D0B46 /* Post.swift */ = {isa = PBXFileReference; lastKnownFileType = sourcecode.swift; path = Post.swift; sourceTree = "<group>"; };
		206B0EF023EAD2CC00FA3611 /* GoogleService-Info.plist */ = {isa = PBXFileReference; fileEncoding = 4; lastKnownFileType = text.plist.xml; path = "GoogleService-Info.plist"; sourceTree = "<group>"; };
		206B0F6C23EEBF1700FA3611 /* Location.swift */ = {isa = PBXFileReference; lastKnownFileType = sourcecode.swift; path = Location.swift; sourceTree = "<group>"; };
		207D7C2F23D6EA7600A1C6D0 /* ViewControllerGallery.swift */ = {isa = PBXFileReference; lastKnownFileType = sourcecode.swift; path = ViewControllerGallery.swift; sourceTree = "<group>"; };
		207D7C3123D6F37200A1C6D0 /* GalleryCell.swift */ = {isa = PBXFileReference; lastKnownFileType = sourcecode.swift; path = GalleryCell.swift; sourceTree = "<group>"; };
		207D7C3323D71BBA00A1C6D0 /* ViewControllerLocation.swift */ = {isa = PBXFileReference; lastKnownFileType = sourcecode.swift; path = ViewControllerLocation.swift; sourceTree = "<group>"; };
		2D2E48A99DCE2F3C271818D5 /* Pods-BastaDealen-BastaDealenUITests.debug.xcconfig */ = {isa = PBXFileReference; includeInIndex = 1; lastKnownFileType = text.xcconfig; name = "Pods-BastaDealen-BastaDealenUITests.debug.xcconfig"; path = "Target Support Files/Pods-BastaDealen-BastaDealenUITests/Pods-BastaDealen-BastaDealenUITests.debug.xcconfig"; sourceTree = "<group>"; };
		302A8F8ECC79216EA6CE4949 /* Pods_BastaDealenTests.framework */ = {isa = PBXFileReference; explicitFileType = wrapper.framework; includeInIndex = 0; path = Pods_BastaDealenTests.framework; sourceTree = BUILT_PRODUCTS_DIR; };
		79C625FE810DCE6859955496 /* Pods-BastaDealenTests.debug.xcconfig */ = {isa = PBXFileReference; includeInIndex = 1; lastKnownFileType = text.xcconfig; name = "Pods-BastaDealenTests.debug.xcconfig"; path = "Target Support Files/Pods-BastaDealenTests/Pods-BastaDealenTests.debug.xcconfig"; sourceTree = "<group>"; };
		92020A07061EFF1D6F6A0122 /* Pods-BastaDealen-BastaDealenUITests.release.xcconfig */ = {isa = PBXFileReference; includeInIndex = 1; lastKnownFileType = text.xcconfig; name = "Pods-BastaDealen-BastaDealenUITests.release.xcconfig"; path = "Target Support Files/Pods-BastaDealen-BastaDealenUITests/Pods-BastaDealen-BastaDealenUITests.release.xcconfig"; sourceTree = "<group>"; };
		94F44BACB85DF8FAC929D1F8 /* Pods_BastaDealen.framework */ = {isa = PBXFileReference; explicitFileType = wrapper.framework; includeInIndex = 0; path = Pods_BastaDealen.framework; sourceTree = BUILT_PRODUCTS_DIR; };
		B768EF3FC18E4A9DB244BEFC /* Pods-BastaDealen.release.xcconfig */ = {isa = PBXFileReference; includeInIndex = 1; lastKnownFileType = text.xcconfig; name = "Pods-BastaDealen.release.xcconfig"; path = "Target Support Files/Pods-BastaDealen/Pods-BastaDealen.release.xcconfig"; sourceTree = "<group>"; };
		B8039484C2A78610DDCBE2F0 /* Pods_BastaDealen_BastaDealenUITests.framework */ = {isa = PBXFileReference; explicitFileType = wrapper.framework; includeInIndex = 0; path = Pods_BastaDealen_BastaDealenUITests.framework; sourceTree = BUILT_PRODUCTS_DIR; };
		C5820DBDE5BA9E87D35373C0 /* Pods-BastaDealenTests.release.xcconfig */ = {isa = PBXFileReference; includeInIndex = 1; lastKnownFileType = text.xcconfig; name = "Pods-BastaDealenTests.release.xcconfig"; path = "Target Support Files/Pods-BastaDealenTests/Pods-BastaDealenTests.release.xcconfig"; sourceTree = "<group>"; };
		E86BB743A1D496380B2D7500 /* Pods-BastaDealen.debug.xcconfig */ = {isa = PBXFileReference; includeInIndex = 1; lastKnownFileType = text.xcconfig; name = "Pods-BastaDealen.debug.xcconfig"; path = "Target Support Files/Pods-BastaDealen/Pods-BastaDealen.debug.xcconfig"; sourceTree = "<group>"; };
/* End PBXFileReference section */

/* Begin PBXFrameworksBuildPhase section */
		20150AD823D5B74A001F7417 /* Frameworks */ = {
			isa = PBXFrameworksBuildPhase;
			buildActionMask = 2147483647;
			files = (
				67FEF9C608DADC4F37919AD2 /* Pods_BastaDealen.framework in Frameworks */,
			);
			runOnlyForDeploymentPostprocessing = 0;
		};
		20150AEE23D5B74C001F7417 /* Frameworks */ = {
			isa = PBXFrameworksBuildPhase;
			buildActionMask = 2147483647;
			files = (
				1705F26FD65223E0828C065E /* Pods_BastaDealenTests.framework in Frameworks */,
			);
			runOnlyForDeploymentPostprocessing = 0;
		};
		20150AF923D5B74C001F7417 /* Frameworks */ = {
			isa = PBXFrameworksBuildPhase;
			buildActionMask = 2147483647;
			files = (
				65A74205F4A9F1A15EDCD546 /* Pods_BastaDealen_BastaDealenUITests.framework in Frameworks */,
			);
			runOnlyForDeploymentPostprocessing = 0;
		};
/* End PBXFrameworksBuildPhase section */

/* Begin PBXGroup section */
		20150AD223D5B74A001F7417 = {
			isa = PBXGroup;
			children = (
				20150ADD23D5B74A001F7417 /* BastaDealen */,
				20150AF423D5B74C001F7417 /* BastaDealenTests */,
				20150AFF23D5B74C001F7417 /* BastaDealenUITests */,
				20150ADC23D5B74A001F7417 /* Products */,
				C020E7C3A7A87CE7826E596F /* Pods */,
				4EC7E1DB1B6721F5241A3EA5 /* Frameworks */,
			);
			sourceTree = "<group>";
		};
		20150ADC23D5B74A001F7417 /* Products */ = {
			isa = PBXGroup;
			children = (
				20150ADB23D5B74A001F7417 /* BastaDealen.app */,
				20150AF123D5B74C001F7417 /* BastaDealenTests.xctest */,
				20150AFC23D5B74C001F7417 /* BastaDealenUITests.xctest */,
			);
			name = Products;
			sourceTree = "<group>";
		};
		20150ADD23D5B74A001F7417 /* BastaDealen */ = {
			isa = PBXGroup;
			children = (
				20150ADE23D5B74A001F7417 /* AppDelegate.swift */,
				20150AE023D5B74A001F7417 /* SceneDelegate.swift */,
				204A6A8223D5D997001D0B46 /* Post.swift */,
				20150AE223D5B74A001F7417 /* ViewController.swift */,
				20150AE423D5B74A001F7417 /* Main.storyboard */,
				201DEB1C23D72CEA002020E5 /* ViewControllerCamera.swift */,
				207D7C3323D71BBA00A1C6D0 /* ViewControllerLocation.swift */,
				206B0F6C23EEBF1700FA3611 /* Location.swift */,
				207D7C3123D6F37200A1C6D0 /* GalleryCell.swift */,
				207D7C2F23D6EA7600A1C6D0 /* ViewControllerGallery.swift */,
				20150AE723D5B74C001F7417 /* Assets.xcassets */,
				20150AE923D5B74C001F7417 /* LaunchScreen.storyboard */,
				20150AEC23D5B74C001F7417 /* Info.plist */,
				206B0EF023EAD2CC00FA3611 /* GoogleService-Info.plist */,
			);
			path = BastaDealen;
			sourceTree = "<group>";
		};
		20150AF423D5B74C001F7417 /* BastaDealenTests */ = {
			isa = PBXGroup;
			children = (
				20150AF523D5B74C001F7417 /* BastaDealenTests.swift */,
				20150AF723D5B74C001F7417 /* Info.plist */,
			);
			path = BastaDealenTests;
			sourceTree = "<group>";
		};
		20150AFF23D5B74C001F7417 /* BastaDealenUITests */ = {
			isa = PBXGroup;
			children = (
				20150B0023D5B74C001F7417 /* BastaDealenUITests.swift */,
				20150B0223D5B74C001F7417 /* Info.plist */,
			);
			path = BastaDealenUITests;
			sourceTree = "<group>";
		};
		4EC7E1DB1B6721F5241A3EA5 /* Frameworks */ = {
			isa = PBXGroup;
			children = (
				94F44BACB85DF8FAC929D1F8 /* Pods_BastaDealen.framework */,
				B8039484C2A78610DDCBE2F0 /* Pods_BastaDealen_BastaDealenUITests.framework */,
				302A8F8ECC79216EA6CE4949 /* Pods_BastaDealenTests.framework */,
			);
			name = Frameworks;
			sourceTree = "<group>";
		};
		C020E7C3A7A87CE7826E596F /* Pods */ = {
			isa = PBXGroup;
			children = (
				E86BB743A1D496380B2D7500 /* Pods-BastaDealen.debug.xcconfig */,
				B768EF3FC18E4A9DB244BEFC /* Pods-BastaDealen.release.xcconfig */,
				2D2E48A99DCE2F3C271818D5 /* Pods-BastaDealen-BastaDealenUITests.debug.xcconfig */,
				92020A07061EFF1D6F6A0122 /* Pods-BastaDealen-BastaDealenUITests.release.xcconfig */,
				79C625FE810DCE6859955496 /* Pods-BastaDealenTests.debug.xcconfig */,
				C5820DBDE5BA9E87D35373C0 /* Pods-BastaDealenTests.release.xcconfig */,
			);
			path = Pods;
			sourceTree = "<group>";
		};
/* End PBXGroup section */

/* Begin PBXNativeTarget section */
		20150ADA23D5B74A001F7417 /* BastaDealen */ = {
			isa = PBXNativeTarget;
			buildConfigurationList = 20150B0523D5B74C001F7417 /* Build configuration list for PBXNativeTarget "BastaDealen" */;
			buildPhases = (
				DD14393BCE6D79B095507EC0 /* [CP] Check Pods Manifest.lock */,
				20150AD723D5B74A001F7417 /* Sources */,
				20150AD823D5B74A001F7417 /* Frameworks */,
				20150AD923D5B74A001F7417 /* Resources */,
				66FD98B5F299EC912D1D1C78 /* [CP] Embed Pods Frameworks */,
			);
			buildRules = (
			);
			dependencies = (
			);
			name = BastaDealen;
			productName = BastaDealen;
			productReference = 20150ADB23D5B74A001F7417 /* BastaDealen.app */;
			productType = "com.apple.product-type.application";
		};
		20150AF023D5B74C001F7417 /* BastaDealenTests */ = {
			isa = PBXNativeTarget;
			buildConfigurationList = 20150B0823D5B74C001F7417 /* Build configuration list for PBXNativeTarget "BastaDealenTests" */;
			buildPhases = (
				8E37473D71C3A9C293BBE019 /* [CP] Check Pods Manifest.lock */,
				20150AED23D5B74C001F7417 /* Sources */,
				20150AEE23D5B74C001F7417 /* Frameworks */,
				20150AEF23D5B74C001F7417 /* Resources */,
			);
			buildRules = (
			);
			dependencies = (
				20150AF323D5B74C001F7417 /* PBXTargetDependency */,
			);
			name = BastaDealenTests;
			productName = BastaDealenTests;
			productReference = 20150AF123D5B74C001F7417 /* BastaDealenTests.xctest */;
			productType = "com.apple.product-type.bundle.unit-test";
		};
		20150AFB23D5B74C001F7417 /* BastaDealenUITests */ = {
			isa = PBXNativeTarget;
			buildConfigurationList = 20150B0B23D5B74C001F7417 /* Build configuration list for PBXNativeTarget "BastaDealenUITests" */;
			buildPhases = (
				86EB644DC304B10CA112C2FC /* [CP] Check Pods Manifest.lock */,
				20150AF823D5B74C001F7417 /* Sources */,
				20150AF923D5B74C001F7417 /* Frameworks */,
				20150AFA23D5B74C001F7417 /* Resources */,
				7445D94C04A45CFF5BF6D058 /* [CP] Embed Pods Frameworks */,
			);
			buildRules = (
			);
			dependencies = (
				20150AFE23D5B74C001F7417 /* PBXTargetDependency */,
			);
			name = BastaDealenUITests;
			productName = BastaDealenUITests;
			productReference = 20150AFC23D5B74C001F7417 /* BastaDealenUITests.xctest */;
			productType = "com.apple.product-type.bundle.ui-testing";
		};
/* End PBXNativeTarget section */

/* Begin PBXProject section */
		20150AD323D5B74A001F7417 /* Project object */ = {
			isa = PBXProject;
			attributes = {
				LastSwiftUpdateCheck = 1130;
				LastUpgradeCheck = 1130;
				ORGANIZATIONNAME = "Emil Laudon";
				TargetAttributes = {
					20150ADA23D5B74A001F7417 = {
						CreatedOnToolsVersion = 11.3;
					};
					20150AF023D5B74C001F7417 = {
						CreatedOnToolsVersion = 11.3;
						TestTargetID = 20150ADA23D5B74A001F7417;
					};
					20150AFB23D5B74C001F7417 = {
						CreatedOnToolsVersion = 11.3;
						TestTargetID = 20150ADA23D5B74A001F7417;
					};
				};
			};
			buildConfigurationList = 20150AD623D5B74A001F7417 /* Build configuration list for PBXProject "BastaDealen" */;
			compatibilityVersion = "Xcode 9.3";
			developmentRegion = en;
			hasScannedForEncodings = 0;
			knownRegions = (
				en,
				Base,
			);
			mainGroup = 20150AD223D5B74A001F7417;
			productRefGroup = 20150ADC23D5B74A001F7417 /* Products */;
			projectDirPath = "";
			projectRoot = "";
			targets = (
				20150ADA23D5B74A001F7417 /* BastaDealen */,
				20150AF023D5B74C001F7417 /* BastaDealenTests */,
				20150AFB23D5B74C001F7417 /* BastaDealenUITests */,
			);
		};
/* End PBXProject section */

/* Begin PBXResourcesBuildPhase section */
		20150AD923D5B74A001F7417 /* Resources */ = {
			isa = PBXResourcesBuildPhase;
			buildActionMask = 2147483647;
			files = (
				206B0EF123EAD2CC00FA3611 /* GoogleService-Info.plist in Resources */,
				20150AEB23D5B74C001F7417 /* LaunchScreen.storyboard in Resources */,
				20150AE823D5B74C001F7417 /* Assets.xcassets in Resources */,
				20150AE623D5B74A001F7417 /* Main.storyboard in Resources */,
			);
			runOnlyForDeploymentPostprocessing = 0;
		};
		20150AEF23D5B74C001F7417 /* Resources */ = {
			isa = PBXResourcesBuildPhase;
			buildActionMask = 2147483647;
			files = (
			);
			runOnlyForDeploymentPostprocessing = 0;
		};
		20150AFA23D5B74C001F7417 /* Resources */ = {
			isa = PBXResourcesBuildPhase;
			buildActionMask = 2147483647;
			files = (
			);
			runOnlyForDeploymentPostprocessing = 0;
		};
/* End PBXResourcesBuildPhase section */

/* Begin PBXShellScriptBuildPhase section */
		66FD98B5F299EC912D1D1C78 /* [CP] Embed Pods Frameworks */ = {
			isa = PBXShellScriptBuildPhase;
			buildActionMask = 2147483647;
			files = (
			);
			inputFileListPaths = (
				"${PODS_ROOT}/Target Support Files/Pods-BastaDealen/Pods-BastaDealen-frameworks-${CONFIGURATION}-input-files.xcfilelist",
			);
			name = "[CP] Embed Pods Frameworks";
			outputFileListPaths = (
				"${PODS_ROOT}/Target Support Files/Pods-BastaDealen/Pods-BastaDealen-frameworks-${CONFIGURATION}-output-files.xcfilelist",
			);
			runOnlyForDeploymentPostprocessing = 0;
			shellPath = /bin/sh;
			shellScript = "\"${PODS_ROOT}/Target Support Files/Pods-BastaDealen/Pods-BastaDealen-frameworks.sh\"\n";
			showEnvVarsInLog = 0;
		};
		7445D94C04A45CFF5BF6D058 /* [CP] Embed Pods Frameworks */ = {
			isa = PBXShellScriptBuildPhase;
			buildActionMask = 2147483647;
			files = (
			);
			inputFileListPaths = (
				"${PODS_ROOT}/Target Support Files/Pods-BastaDealen-BastaDealenUITests/Pods-BastaDealen-BastaDealenUITests-frameworks-${CONFIGURATION}-input-files.xcfilelist",
			);
			name = "[CP] Embed Pods Frameworks";
			outputFileListPaths = (
				"${PODS_ROOT}/Target Support Files/Pods-BastaDealen-BastaDealenUITests/Pods-BastaDealen-BastaDealenUITests-frameworks-${CONFIGURATION}-output-files.xcfilelist",
			);
			runOnlyForDeploymentPostprocessing = 0;
			shellPath = /bin/sh;
			shellScript = "\"${PODS_ROOT}/Target Support Files/Pods-BastaDealen-BastaDealenUITests/Pods-BastaDealen-BastaDealenUITests-frameworks.sh\"\n";
			showEnvVarsInLog = 0;
		};
		86EB644DC304B10CA112C2FC /* [CP] Check Pods Manifest.lock */ = {
			isa = PBXShellScriptBuildPhase;
			buildActionMask = 2147483647;
			files = (
			);
			inputFileListPaths = (
			);
			inputPaths = (
				"${PODS_PODFILE_DIR_PATH}/Podfile.lock",
				"${PODS_ROOT}/Manifest.lock",
			);
			name = "[CP] Check Pods Manifest.lock";
			outputFileListPaths = (
			);
			outputPaths = (
				"$(DERIVED_FILE_DIR)/Pods-BastaDealen-BastaDealenUITests-checkManifestLockResult.txt",
			);
			runOnlyForDeploymentPostprocessing = 0;
			shellPath = /bin/sh;
			shellScript = "diff \"${PODS_PODFILE_DIR_PATH}/Podfile.lock\" \"${PODS_ROOT}/Manifest.lock\" > /dev/null\nif [ $? != 0 ] ; then\n    # print error to STDERR\n    echo \"error: The sandbox is not in sync with the Podfile.lock. Run 'pod install' or update your CocoaPods installation.\" >&2\n    exit 1\nfi\n# This output is used by Xcode 'outputs' to avoid re-running this script phase.\necho \"SUCCESS\" > \"${SCRIPT_OUTPUT_FILE_0}\"\n";
			showEnvVarsInLog = 0;
		};
		8E37473D71C3A9C293BBE019 /* [CP] Check Pods Manifest.lock */ = {
			isa = PBXShellScriptBuildPhase;
			buildActionMask = 2147483647;
			files = (
			);
			inputFileListPaths = (
			);
			inputPaths = (
				"${PODS_PODFILE_DIR_PATH}/Podfile.lock",
				"${PODS_ROOT}/Manifest.lock",
			);
			name = "[CP] Check Pods Manifest.lock";
			outputFileListPaths = (
			);
			outputPaths = (
				"$(DERIVED_FILE_DIR)/Pods-BastaDealenTests-checkManifestLockResult.txt",
			);
			runOnlyForDeploymentPostprocessing = 0;
			shellPath = /bin/sh;
			shellScript = "diff \"${PODS_PODFILE_DIR_PATH}/Podfile.lock\" \"${PODS_ROOT}/Manifest.lock\" > /dev/null\nif [ $? != 0 ] ; then\n    # print error to STDERR\n    echo \"error: The sandbox is not in sync with the Podfile.lock. Run 'pod install' or update your CocoaPods installation.\" >&2\n    exit 1\nfi\n# This output is used by Xcode 'outputs' to avoid re-running this script phase.\necho \"SUCCESS\" > \"${SCRIPT_OUTPUT_FILE_0}\"\n";
			showEnvVarsInLog = 0;
		};
		DD14393BCE6D79B095507EC0 /* [CP] Check Pods Manifest.lock */ = {
			isa = PBXShellScriptBuildPhase;
			buildActionMask = 2147483647;
			files = (
			);
			inputFileListPaths = (
			);
			inputPaths = (
				"${PODS_PODFILE_DIR_PATH}/Podfile.lock",
				"${PODS_ROOT}/Manifest.lock",
			);
			name = "[CP] Check Pods Manifest.lock";
			outputFileListPaths = (
			);
			outputPaths = (
				"$(DERIVED_FILE_DIR)/Pods-BastaDealen-checkManifestLockResult.txt",
			);
			runOnlyForDeploymentPostprocessing = 0;
			shellPath = /bin/sh;
			shellScript = "diff \"${PODS_PODFILE_DIR_PATH}/Podfile.lock\" \"${PODS_ROOT}/Manifest.lock\" > /dev/null\nif [ $? != 0 ] ; then\n    # print error to STDERR\n    echo \"error: The sandbox is not in sync with the Podfile.lock. Run 'pod install' or update your CocoaPods installation.\" >&2\n    exit 1\nfi\n# This output is used by Xcode 'outputs' to avoid re-running this script phase.\necho \"SUCCESS\" > \"${SCRIPT_OUTPUT_FILE_0}\"\n";
			showEnvVarsInLog = 0;
		};
/* End PBXShellScriptBuildPhase section */

/* Begin PBXSourcesBuildPhase section */
		20150AD723D5B74A001F7417 /* Sources */ = {
			isa = PBXSourcesBuildPhase;
			buildActionMask = 2147483647;
			files = (
				207D7C3223D6F37200A1C6D0 /* GalleryCell.swift in Sources */,
				20150AE323D5B74A001F7417 /* ViewController.swift in Sources */,
				20150ADF23D5B74A001F7417 /* AppDelegate.swift in Sources */,
				207D7C3023D6EA7600A1C6D0 /* ViewControllerGallery.swift in Sources */,
				206B0F6D23EEBF1700FA3611 /* Location.swift in Sources */,
				20150AE123D5B74A001F7417 /* SceneDelegate.swift in Sources */,
				201DEB1D23D72CEA002020E5 /* ViewControllerCamera.swift in Sources */,
				204A6A8323D5D997001D0B46 /* Post.swift in Sources */,
				207D7C3423D71BBA00A1C6D0 /* ViewControllerLocation.swift in Sources */,
			);
			runOnlyForDeploymentPostprocessing = 0;
		};
		20150AED23D5B74C001F7417 /* Sources */ = {
			isa = PBXSourcesBuildPhase;
			buildActionMask = 2147483647;
			files = (
				20150AF623D5B74C001F7417 /* BastaDealenTests.swift in Sources */,
			);
			runOnlyForDeploymentPostprocessing = 0;
		};
		20150AF823D5B74C001F7417 /* Sources */ = {
			isa = PBXSourcesBuildPhase;
			buildActionMask = 2147483647;
			files = (
				20150B0123D5B74C001F7417 /* BastaDealenUITests.swift in Sources */,
			);
			runOnlyForDeploymentPostprocessing = 0;
		};
/* End PBXSourcesBuildPhase section */

/* Begin PBXTargetDependency section */
		20150AF323D5B74C001F7417 /* PBXTargetDependency */ = {
			isa = PBXTargetDependency;
			target = 20150ADA23D5B74A001F7417 /* BastaDealen */;
			targetProxy = 20150AF223D5B74C001F7417 /* PBXContainerItemProxy */;
		};
		20150AFE23D5B74C001F7417 /* PBXTargetDependency */ = {
			isa = PBXTargetDependency;
			target = 20150ADA23D5B74A001F7417 /* BastaDealen */;
			targetProxy = 20150AFD23D5B74C001F7417 /* PBXContainerItemProxy */;
		};
/* End PBXTargetDependency section */

/* Begin PBXVariantGroup section */
		20150AE423D5B74A001F7417 /* Main.storyboard */ = {
			isa = PBXVariantGroup;
			children = (
				20150AE523D5B74A001F7417 /* Base */,
			);
			name = Main.storyboard;
			sourceTree = "<group>";
		};
		20150AE923D5B74C001F7417 /* LaunchScreen.storyboard */ = {
			isa = PBXVariantGroup;
			children = (
				20150AEA23D5B74C001F7417 /* Base */,
			);
			name = LaunchScreen.storyboard;
			sourceTree = "<group>";
		};
/* End PBXVariantGroup section */

/* Begin XCBuildConfiguration section */
		20150B0323D5B74C001F7417 /* Debug */ = {
			isa = XCBuildConfiguration;
			buildSettings = {
				ALWAYS_SEARCH_USER_PATHS = NO;
				CLANG_ANALYZER_NONNULL = YES;
				CLANG_ANALYZER_NUMBER_OBJECT_CONVERSION = YES_AGGRESSIVE;
				CLANG_CXX_LANGUAGE_STANDARD = "gnu++14";
				CLANG_CXX_LIBRARY = "libc++";
				CLANG_ENABLE_MODULES = YES;
				CLANG_ENABLE_OBJC_ARC = YES;
				CLANG_ENABLE_OBJC_WEAK = YES;
				CLANG_WARN_BLOCK_CAPTURE_AUTORELEASING = YES;
				CLANG_WARN_BOOL_CONVERSION = YES;
				CLANG_WARN_COMMA = YES;
				CLANG_WARN_CONSTANT_CONVERSION = YES;
				CLANG_WARN_DEPRECATED_OBJC_IMPLEMENTATIONS = YES;
				CLANG_WARN_DIRECT_OBJC_ISA_USAGE = YES_ERROR;
				CLANG_WARN_DOCUMENTATION_COMMENTS = YES;
				CLANG_WARN_EMPTY_BODY = YES;
				CLANG_WARN_ENUM_CONVERSION = YES;
				CLANG_WARN_INFINITE_RECURSION = YES;
				CLANG_WARN_INT_CONVERSION = YES;
				CLANG_WARN_NON_LITERAL_NULL_CONVERSION = YES;
				CLANG_WARN_OBJC_IMPLICIT_RETAIN_SELF = YES;
				CLANG_WARN_OBJC_LITERAL_CONVERSION = YES;
				CLANG_WARN_OBJC_ROOT_CLASS = YES_ERROR;
				CLANG_WARN_RANGE_LOOP_ANALYSIS = YES;
				CLANG_WARN_STRICT_PROTOTYPES = YES;
				CLANG_WARN_SUSPICIOUS_MOVE = YES;
				CLANG_WARN_UNGUARDED_AVAILABILITY = YES_AGGRESSIVE;
				CLANG_WARN_UNREACHABLE_CODE = YES;
				CLANG_WARN__DUPLICATE_METHOD_MATCH = YES;
				COPY_PHASE_STRIP = NO;
				DEBUG_INFORMATION_FORMAT = dwarf;
				ENABLE_STRICT_OBJC_MSGSEND = YES;
				ENABLE_TESTABILITY = YES;
				GCC_C_LANGUAGE_STANDARD = gnu11;
				GCC_DYNAMIC_NO_PIC = NO;
				GCC_NO_COMMON_BLOCKS = YES;
				GCC_OPTIMIZATION_LEVEL = 0;
				GCC_PREPROCESSOR_DEFINITIONS = (
					"DEBUG=1",
					"$(inherited)",
				);
				GCC_WARN_64_TO_32_BIT_CONVERSION = YES;
				GCC_WARN_ABOUT_RETURN_TYPE = YES_ERROR;
				GCC_WARN_UNDECLARED_SELECTOR = YES;
				GCC_WARN_UNINITIALIZED_AUTOS = YES_AGGRESSIVE;
				GCC_WARN_UNUSED_FUNCTION = YES;
				GCC_WARN_UNUSED_VARIABLE = YES;
				IPHONEOS_DEPLOYMENT_TARGET = 13.2;
				MTL_ENABLE_DEBUG_INFO = INCLUDE_SOURCE;
				MTL_FAST_MATH = YES;
				ONLY_ACTIVE_ARCH = YES;
				SDKROOT = iphoneos;
				SWIFT_ACTIVE_COMPILATION_CONDITIONS = DEBUG;
				SWIFT_OPTIMIZATION_LEVEL = "-Onone";
			};
			name = Debug;
		};
		20150B0423D5B74C001F7417 /* Release */ = {
			isa = XCBuildConfiguration;
			buildSettings = {
				ALWAYS_SEARCH_USER_PATHS = NO;
				CLANG_ANALYZER_NONNULL = YES;
				CLANG_ANALYZER_NUMBER_OBJECT_CONVERSION = YES_AGGRESSIVE;
				CLANG_CXX_LANGUAGE_STANDARD = "gnu++14";
				CLANG_CXX_LIBRARY = "libc++";
				CLANG_ENABLE_MODULES = YES;
				CLANG_ENABLE_OBJC_ARC = YES;
				CLANG_ENABLE_OBJC_WEAK = YES;
				CLANG_WARN_BLOCK_CAPTURE_AUTORELEASING = YES;
				CLANG_WARN_BOOL_CONVERSION = YES;
				CLANG_WARN_COMMA = YES;
				CLANG_WARN_CONSTANT_CONVERSION = YES;
				CLANG_WARN_DEPRECATED_OBJC_IMPLEMENTATIONS = YES;
				CLANG_WARN_DIRECT_OBJC_ISA_USAGE = YES_ERROR;
				CLANG_WARN_DOCUMENTATION_COMMENTS = YES;
				CLANG_WARN_EMPTY_BODY = YES;
				CLANG_WARN_ENUM_CONVERSION = YES;
				CLANG_WARN_INFINITE_RECURSION = YES;
				CLANG_WARN_INT_CONVERSION = YES;
				CLANG_WARN_NON_LITERAL_NULL_CONVERSION = YES;
				CLANG_WARN_OBJC_IMPLICIT_RETAIN_SELF = YES;
				CLANG_WARN_OBJC_LITERAL_CONVERSION = YES;
				CLANG_WARN_OBJC_ROOT_CLASS = YES_ERROR;
				CLANG_WARN_RANGE_LOOP_ANALYSIS = YES;
				CLANG_WARN_STRICT_PROTOTYPES = YES;
				CLANG_WARN_SUSPICIOUS_MOVE = YES;
				CLANG_WARN_UNGUARDED_AVAILABILITY = YES_AGGRESSIVE;
				CLANG_WARN_UNREACHABLE_CODE = YES;
				CLANG_WARN__DUPLICATE_METHOD_MATCH = YES;
				COPY_PHASE_STRIP = NO;
				DEBUG_INFORMATION_FORMAT = "dwarf-with-dsym";
				ENABLE_NS_ASSERTIONS = NO;
				ENABLE_STRICT_OBJC_MSGSEND = YES;
				GCC_C_LANGUAGE_STANDARD = gnu11;
				GCC_NO_COMMON_BLOCKS = YES;
				GCC_WARN_64_TO_32_BIT_CONVERSION = YES;
				GCC_WARN_ABOUT_RETURN_TYPE = YES_ERROR;
				GCC_WARN_UNDECLARED_SELECTOR = YES;
				GCC_WARN_UNINITIALIZED_AUTOS = YES_AGGRESSIVE;
				GCC_WARN_UNUSED_FUNCTION = YES;
				GCC_WARN_UNUSED_VARIABLE = YES;
				IPHONEOS_DEPLOYMENT_TARGET = 13.2;
				MTL_ENABLE_DEBUG_INFO = NO;
				MTL_FAST_MATH = YES;
				SDKROOT = iphoneos;
				SWIFT_COMPILATION_MODE = wholemodule;
				SWIFT_OPTIMIZATION_LEVEL = "-O";
				VALIDATE_PRODUCT = YES;
			};
			name = Release;
		};
		20150B0623D5B74C001F7417 /* Debug */ = {
			isa = XCBuildConfiguration;
			baseConfigurationReference = E86BB743A1D496380B2D7500 /* Pods-BastaDealen.debug.xcconfig */;
			buildSettings = {
				ASSETCATALOG_COMPILER_APPICON_NAME = AppIcon;
				CODE_SIGN_STYLE = Automatic;
				DEVELOPMENT_TEAM = MQL93NCD9C;
				INFOPLIST_FILE = BastaDealen/Info.plist;
				LD_RUNPATH_SEARCH_PATHS = (
					"$(inherited)",
					"@executable_path/Frameworks",
				);
				PRODUCT_BUNDLE_IDENTIFIER = com.example.BastaDealen;
				PRODUCT_NAME = "$(TARGET_NAME)";
				SWIFT_VERSION = 5.0;
				TARGETED_DEVICE_FAMILY = "1,2";
			};
			name = Debug;
		};
		20150B0723D5B74C001F7417 /* Release */ = {
			isa = XCBuildConfiguration;
			baseConfigurationReference = B768EF3FC18E4A9DB244BEFC /* Pods-BastaDealen.release.xcconfig */;
			buildSettings = {
				ASSETCATALOG_COMPILER_APPICON_NAME = AppIcon;
				CODE_SIGN_STYLE = Automatic;
				DEVELOPMENT_TEAM = MQL93NCD9C;
				INFOPLIST_FILE = BastaDealen/Info.plist;
				LD_RUNPATH_SEARCH_PATHS = (
					"$(inherited)",
					"@executable_path/Frameworks",
				);
				PRODUCT_BUNDLE_IDENTIFIER = com.example.BastaDealen;
				PRODUCT_NAME = "$(TARGET_NAME)";
				SWIFT_VERSION = 5.0;
				TARGETED_DEVICE_FAMILY = "1,2";
			};
			name = Release;
		};
		20150B0923D5B74C001F7417 /* Debug */ = {
			isa = XCBuildConfiguration;
			baseConfigurationReference = 79C625FE810DCE6859955496 /* Pods-BastaDealenTests.debug.xcconfig */;
			buildSettings = {
				ALWAYS_EMBED_SWIFT_STANDARD_LIBRARIES = YES;
				BUNDLE_LOADER = "$(TEST_HOST)";
				CODE_SIGN_STYLE = Automatic;
				INFOPLIST_FILE = BastaDealenTests/Info.plist;
				IPHONEOS_DEPLOYMENT_TARGET = 13.2;
				LD_RUNPATH_SEARCH_PATHS = (
					"$(inherited)",
					"@executable_path/Frameworks",
					"@loader_path/Frameworks",
				);
				PRODUCT_BUNDLE_IDENTIFIER = com.example.BastaDealenTests;
				PRODUCT_NAME = "$(TARGET_NAME)";
				SWIFT_VERSION = 5.0;
				TARGETED_DEVICE_FAMILY = "1,2";
				TEST_HOST = "$(BUILT_PRODUCTS_DIR)/BastaDealen.app/BastaDealen";
			};
			name = Debug;
		};
		20150B0A23D5B74C001F7417 /* Release */ = {
			isa = XCBuildConfiguration;
			baseConfigurationReference = C5820DBDE5BA9E87D35373C0 /* Pods-BastaDealenTests.release.xcconfig */;
			buildSettings = {
				ALWAYS_EMBED_SWIFT_STANDARD_LIBRARIES = YES;
				BUNDLE_LOADER = "$(TEST_HOST)";
				CODE_SIGN_STYLE = Automatic;
				INFOPLIST_FILE = BastaDealenTests/Info.plist;
				IPHONEOS_DEPLOYMENT_TARGET = 13.2;
				LD_RUNPATH_SEARCH_PATHS = (
					"$(inherited)",
					"@executable_path/Frameworks",
					"@loader_path/Frameworks",
				);
				PRODUCT_BUNDLE_IDENTIFIER = com.example.BastaDealenTests;
				PRODUCT_NAME = "$(TARGET_NAME)";
				SWIFT_VERSION = 5.0;
				TARGETED_DEVICE_FAMILY = "1,2";
				TEST_HOST = "$(BUILT_PRODUCTS_DIR)/BastaDealen.app/BastaDealen";
			};
			name = Release;
		};
		20150B0C23D5B74C001F7417 /* Debug */ = {
			isa = XCBuildConfiguration;
			baseConfigurationReference = 2D2E48A99DCE2F3C271818D5 /* Pods-BastaDealen-BastaDealenUITests.debug.xcconfig */;
			buildSettings = {
				ALWAYS_EMBED_SWIFT_STANDARD_LIBRARIES = YES;
				CODE_SIGN_STYLE = Automatic;
				INFOPLIST_FILE = BastaDealenUITests/Info.plist;
				LD_RUNPATH_SEARCH_PATHS = (
					"$(inherited)",
					"@executable_path/Frameworks",
					"@loader_path/Frameworks",
				);
				PRODUCT_BUNDLE_IDENTIFIER = com.example.BastaDealenUITests;
				PRODUCT_NAME = "$(TARGET_NAME)";
				SWIFT_VERSION = 5.0;
				TARGETED_DEVICE_FAMILY = "1,2";
				TEST_TARGET_NAME = BastaDealen;
			};
			name = Debug;
		};
		20150B0D23D5B74C001F7417 /* Release */ = {
			isa = XCBuildConfiguration;
			baseConfigurationReference = 92020A07061EFF1D6F6A0122 /* Pods-BastaDealen-BastaDealenUITests.release.xcconfig */;
			buildSettings = {
				ALWAYS_EMBED_SWIFT_STANDARD_LIBRARIES = YES;
				CODE_SIGN_STYLE = Automatic;
				INFOPLIST_FILE = BastaDealenUITests/Info.plist;
				LD_RUNPATH_SEARCH_PATHS = (
					"$(inherited)",
					"@executable_path/Frameworks",
					"@loader_path/Frameworks",
				);
				PRODUCT_BUNDLE_IDENTIFIER = com.example.BastaDealenUITests;
				PRODUCT_NAME = "$(TARGET_NAME)";
				SWIFT_VERSION = 5.0;
				TARGETED_DEVICE_FAMILY = "1,2";
				TEST_TARGET_NAME = BastaDealen;
			};
			name = Release;
		};
/* End XCBuildConfiguration section */

/* Begin XCConfigurationList section */
		20150AD623D5B74A001F7417 /* Build configuration list for PBXProject "BastaDealen" */ = {
			isa = XCConfigurationList;
			buildConfigurations = (
				20150B0323D5B74C001F7417 /* Debug */,
				20150B0423D5B74C001F7417 /* Release */,
			);
			defaultConfigurationIsVisible = 0;
			defaultConfigurationName = Release;
		};
		20150B0523D5B74C001F7417 /* Build configuration list for PBXNativeTarget "BastaDealen" */ = {
			isa = XCConfigurationList;
			buildConfigurations = (
				20150B0623D5B74C001F7417 /* Debug */,
				20150B0723D5B74C001F7417 /* Release */,
			);
			defaultConfigurationIsVisible = 0;
			defaultConfigurationName = Release;
		};
		20150B0823D5B74C001F7417 /* Build configuration list for PBXNativeTarget "BastaDealenTests" */ = {
			isa = XCConfigurationList;
			buildConfigurations = (
				20150B0923D5B74C001F7417 /* Debug */,
				20150B0A23D5B74C001F7417 /* Release */,
			);
			defaultConfigurationIsVisible = 0;
			defaultConfigurationName = Release;
		};
		20150B0B23D5B74C001F7417 /* Build configuration list for PBXNativeTarget "BastaDealenUITests" */ = {
			isa = XCConfigurationList;
			buildConfigurations = (
				20150B0C23D5B74C001F7417 /* Debug */,
				20150B0D23D5B74C001F7417 /* Release */,
			);
			defaultConfigurationIsVisible = 0;
			defaultConfigurationName = Release;
		};
/* End XCConfigurationList section */
	};
	rootObject = 20150AD323D5B74A001F7417 /* Project object */;
}
